
Microsoft Visual Studio Solution File, Format Version 12.00
# Visual Studio Version 16
VisualStudioVersion = 16.0.29709.97
MinimumVisualStudioVersion = 10.0.40219.1
Project("{9A19103F-16F7-4668-BE54-9A1E7A4F7556}") = "SMSBackend", "SMSBackend\SMSBackend.csproj", "{B075AB34-8A90-4E1D-A1DA-B92DE62F90E0}"
EndProject
Project("{E53339B2-1760-4266-BCC7-CA923CBCF16C}") = "docker-compose", "SMSBackend\docker-compose.dcproj", "{AACC734B-EE8B-47E8-A134-4DA4CE26FBD8}"
EndProject
Global
	GlobalSection(SolutionConfigurationPlatforms) = preSolution
		Debug|Any CPU = Debug|Any CPU
		Release|Any CPU = Release|Any CPU
	EndGlobalSection
	GlobalSection(ProjectConfigurationPlatforms) = postSolution
		{B075AB34-8A90-4E1D-A1DA-B92DE62F90E0}.Debug|Any CPU.ActiveCfg = Debug|Any CPU
		{B075AB34-8A90-4E1D-A1DA-B92DE62F90E0}.Debug|Any CPU.Build.0 = Debug|Any CPU
		{B075AB34-8A90-4E1D-A1DA-B92DE62F90E0}.Release|Any CPU.ActiveCfg = Release|Any CPU
		{B075AB34-8A90-4E1D-A1DA-B92DE62F90E0}.Release|Any CPU.Build.0 = Release|Any CPU
		{AACC734B-EE8B-47E8-A134-4DA4CE26FBD8}.Debug|Any CPU.ActiveCfg = Debug|Any CPU
		{AACC734B-EE8B-47E8-A134-4DA4CE26FBD8}.Debug|Any CPU.Build.0 = Debug|Any CPU
		{AACC734B-EE8B-47E8-A134-4DA4CE26FBD8}.Release|Any CPU.ActiveCfg = Release|Any CPU
		{AACC734B-EE8B-47E8-A134-4DA4CE26FBD8}.Release|Any CPU.Build.0 = Release|Any CPU
	EndGlobalSection
	GlobalSection(SolutionProperties) = preSolution
		HideSolutionNode = FALSE
	EndGlobalSection
	GlobalSection(ExtensibilityGlobals) = postSolution
		SolutionGuid = {0029E3DB-9EDF-472B-A754-B7B6FC07EB74}
	EndGlobalSection
EndGlobal
